
Microsoft Visual Studio Solution File, Format Version 12.00
Project("{FAE04EC0-301F-11D3-BF4B-00C04F79EFBC}") = "Tests", "Tests\Tests.csproj", "{1BBB1936-2DD6-4B83-B67D-4F11E0F313A3}"
EndProject
Project("{FAE04EC0-301F-11D3-BF4B-00C04F79EFBC}") = "Problems", "Problems\Problems.csproj", "{8A5B1780-E8FC-44F6-B7B0-699866EC749D}"
EndProject
Global
	GlobalSection(SolutionConfigurationPlatforms) = preSolution
		Debug|Any CPU = Debug|Any CPU
		Release|Any CPU = Release|Any CPU
	EndGlobalSection
	GlobalSection(ProjectConfigurationPlatforms) = postSolution
		{1BBB1936-2DD6-4B83-B67D-4F11E0F313A3}.Debug|Any CPU.ActiveCfg = Debug|Any CPU
		{1BBB1936-2DD6-4B83-B67D-4F11E0F313A3}.Debug|Any CPU.Build.0 = Debug|Any CPU
		{1BBB1936-2DD6-4B83-B67D-4F11E0F313A3}.Release|Any CPU.ActiveCfg = Release|Any CPU
		{1BBB1936-2DD6-4B83-B67D-4F11E0F313A3}.Release|Any CPU.Build.0 = Release|Any CPU
		{8A5B1780-E8FC-44F6-B7B0-699866EC749D}.Debug|Any CPU.ActiveCfg = Debug|Any CPU
		{8A5B1780-E8FC-44F6-B7B0-699866EC749D}.Debug|Any CPU.Build.0 = Debug|Any CPU
		{8A5B1780-E8FC-44F6-B7B0-699866EC749D}.Release|Any CPU.ActiveCfg = Release|Any CPU
		{8A5B1780-E8FC-44F6-B7B0-699866EC749D}.Release|Any CPU.Build.0 = Release|Any CPU
	EndGlobalSection
EndGlobal
